{
  "object": {
    "pins": [
      {
        "package": "MarqueeLabel",
        "repositoryURL": "https://github.com/cbpowell/MarqueeLabel",
        "state": {
          "branch": null,
          "revision": "f2c72a5f8568579dade6350dc26a482076d3d346",
          "version": "4.3.0"
        }
      },
      {
        "package": "NotificationBannerSwift",
        "repositoryURL": "https://github.com/Daltron/NotificationBanner.git",
        "state": {
          "branch": null,
          "revision": "e856a462053daf80c7936056d64246983f3f4d14",
          "version": "3.1.0"
        }
      },
      {
        "package": "SnapKit",
        "repositoryURL": "https://github.com/SnapKit/SnapKit",
        "state": {
          "branch": null,
          "revision": "d458564516e5676af9c70b4f4b2a9178294f1bc6",
          "version": "5.0.1"
        }
      }
    ]
  },
  "version": 1
}
